<Solution>
  <Project Path="ExpenseTracker.Application/ExpenseTracker.Application.csproj" />
  <Project Path="ExpenseTracker.Domain/ExpenseTracker.Domain.csproj" />
  <Project Path="ExpenseTracker.Infrastructure/ExpenseTracker.Infrastructure.csproj" />
  <Project Path="ExpenseTracker/ExpenseTracker.csproj">
    <Deploy Solution="Debug|*" />
  </Project>
</Solution>
